{
  "name": "webrtc-test",
  "version": "1.0.0",
  "lockfileVersion": 1,
  "requires": true,
  "dependencies": {
    "@types/component-emitter": {
      "version": "1.2.10",
      "resolved": "http://npm.kaikela.cn/@types%2fcomponent-emitter/-/component-emitter-1.2.10.tgz",
      "integrity": "sha1-71sVibnxZURkLkc9tepWORB+8+o="
    },
    "@types/cookie": {
      "version": "0.4.0",
      "resolved": "http://npm.kaikela.cn/@types%2fcookie/-/cookie-0.4.0.tgz",
      "integrity": "sha1-FPhUwPk9Mm452m47bzT303UT0Qg="
    },
    "@types/cors": {
      "version": "2.8.9",
      "resolved": "http://npm.kaikela.cn/@types%2fcors/-/cors-2.8.9.tgz",
      "integrity": "sha1-S9H8rHLsqNW+yT52x/3L3BvCzUo="
    },
    "@types/node": {
      "version": "14.14.14",
      "resolved": "http://npm.kaikela.cn/@types%2fnode/-/node-14.14.14.tgz",
      "integrity": "sha1-9/1fPMhSEwERn2ORDw+5ZcfXYa4="
    },
    "accepts": {
      "version": "1.3.7",
      "resolved": "http://npm.kaikela.cn/accepts/-/accepts-1.3.7.tgz",
      "integrity": "sha1-UxvHJlF6OytB+FACHGzBXqq1B80=",
      "requires": {
        "mime-types": "~2.1.24",
        "negotiator": "0.6.2"
      }
    },
    "aliyun-rts-sdk": {
      "version": "2.0.2",
      "resolved": "http://npm.kaikela.cn/aliyun-rts-sdk/-/aliyun-rts-sdk-2.0.2.tgz",
      "integrity": "sha1-FY6Pqt4kk2JNom+B5NywogKrE14=",
      "requires": {
        "axios": "^0.21.0",
        "browserdevicemanager": "^1.1.7",
        "url-search-params-polyfill": "^8.1.0",
        "useragent-util": "^1.0.6",
        "webrtc-adapter": "^7.7.0"
      }
    },
    "axios": {
      "version": "0.21.4",
      "resolved": "http://npm.kaikela.cn/axios/-/axios-0.21.4.tgz",
      "integrity": "sha1-xnuQ3AVo5cHPKwuFjEO6KOLtpXU=",
      "requires": {
        "follow-redirects": "^1.14.0"
      }
    },
    "base64-arraybuffer": {
      "version": "0.1.4",
      "resolved": "http://npm.kaikela.cn/base64-arraybuffer/-/base64-arraybuffer-0.1.4.tgz",
      "integrity": "sha1-mBjHngWbE1X5fgQooBfIOOkLqBI="
    },
    "base64id": {
      "version": "2.0.0",
      "resolved": "http://npm.kaikela.cn/base64id/-/base64id-2.0.0.tgz",
      "integrity": "sha1-J3Csa8R9MSr5eov5pjQ0LgzSXLY="
    },
    "browserdevicemanager": {
      "version": "1.1.8",
      "resolved": "http://npm.kaikela.cn/browserdevicemanager/-/browserdevicemanager-1.1.8.tgz",
      "integrity": "sha1-WSXwuHRzWgrSqV6zb9qANQW6DMM=",
      "requires": {
        "@types/node": "^14.14.12",
        "lodash": "^4.17.20"
      }
    },
    "component-emitter": {
      "version": "1.3.0",
      "resolved": "http://npm.kaikela.cn/component-emitter/-/component-emitter-1.3.0.tgz",
      "integrity": "sha1-FuQHD7qK4ptnnyIVhT7hgasuq8A="
    },
    "cookie": {
      "version": "0.4.1",
      "resolved": "http://npm.kaikela.cn/cookie/-/cookie-0.4.1.tgz",
      "integrity": "sha1-r9cT/ibr0hupXOth+agRblClN9E="
    },
    "cors": {
      "version": "2.8.5",
      "resolved": "http://npm.kaikela.cn/cors/-/cors-2.8.5.tgz",
      "integrity": "sha1-6sEdpRWS3Ya58G9uesKTs9+HXSk=",
      "requires": {
        "object-assign": "^4",
        "vary": "^1"
      }
    },
    "debug": {
      "version": "4.1.1",
      "resolved": "http://npm.kaikela.cn/debug/-/debug-4.1.1.tgz",
      "integrity": "sha1-O3ImAlUQnGtYnO4FDx1RYTlmR5E=",
      "requires": {
        "ms": "^2.1.1"
      }
    },
    "engine.io": {
      "version": "4.0.5",
      "resolved": "http://npm.kaikela.cn/engine.io/-/engine.io-4.0.5.tgz",
      "integrity": "sha1-P/bVxyVgrZNCPBzh6AdzMgZiKhw=",
      "requires": {
        "accepts": "~1.3.4",
        "base64id": "2.0.0",
        "cookie": "~0.4.1",
        "cors": "~2.8.5",
        "debug": "~4.1.0",
        "engine.io-parser": "~4.0.0",
        "ws": "^7.1.2"
      }
    },
    "engine.io-parser": {
      "version": "4.0.2",
      "resolved": "http://npm.kaikela.cn/engine.io-parser/-/engine.io-parser-4.0.2.tgz",
      "integrity": "sha1-5B0LP7Zve/SjZx0gOKFUAk7bUB4=",
      "requires": {
        "base64-arraybuffer": "0.1.4"
      }
    },
    "follow-redirects": {
      "version": "1.14.5",
      "resolved": "http://npm.kaikela.cn/follow-redirects/-/follow-redirects-1.14.5.tgz",
      "integrity": "sha1-8JpYSJgdPHcrU5Iwl3hSP42Fw4E="
    },
    "lodash": {
      "version": "4.17.21",
      "resolved": "http://npm.kaikela.cn/lodash/-/lodash-4.17.21.tgz",
      "integrity": "sha1-Z5WRxWTDv/quhFTPCz3zcMPWkRw="
    },
    "mime-db": {
      "version": "1.44.0",
      "resolved": "http://npm.kaikela.cn/mime-db/-/mime-db-1.44.0.tgz",
      "integrity": "sha1-+hHF6wrKEzS0Izy01S8QxaYnL5I="
    },
    "mime-types": {
      "version": "2.1.27",
      "resolved": "http://npm.kaikela.cn/mime-types/-/mime-types-2.1.27.tgz",
      "integrity": "sha1-R5SfmOJ56lMRn1ci4PNOUpvsAJ8=",
      "requires": {
        "mime-db": "1.44.0"
      }
    },
    "ms": {
      "version": "2.1.3",
      "resolved": "http://npm.kaikela.cn/ms/-/ms-2.1.3.tgz",
      "integrity": "sha1-V0yBOM4dK1hh8LRFedut1gxmFbI="
    },
    "negotiator": {
      "version": "0.6.2",
      "resolved": "http://npm.kaikela.cn/negotiator/-/negotiator-0.6.2.tgz",
      "integrity": "sha1-/qz3zPUlp3rpY0Q2pkiD/+yjRvs="
    },
    "object-assign": {
      "version": "4.1.1",
      "resolved": "http://npm.kaikela.cn/object-assign/-/object-assign-4.1.1.tgz",
      "integrity": "sha1-IQmtx5ZYh8/AXLvUQsrIv7s2CGM="
    },
    "rtcpeerconnection-shim": {
      "version": "1.2.15",
      "resolved": "http://npm.kaikela.cn/rtcpeerconnection-shim/-/rtcpeerconnection-shim-1.2.15.tgz",
      "integrity": "sha1-58wYmoG0NTJMSUmqPftRiIaEskM=",
      "requires": {
        "sdp": "^2.6.0"
      }
    },
    "sdp": {
      "version": "2.12.0",
      "resolved": "http://npm.kaikela.cn/sdp/-/sdp-2.12.0.tgz",
      "integrity": "sha1-M4oQavdWDIbkUj+Fg0loA1DVOyI="
    },
    "socket.io": {
      "version": "3.0.4",
      "resolved": "http://npm.kaikela.cn/socket.io/-/socket.io-3.0.4.tgz",
      "integrity": "sha1-IBMKgLV+SNrbZx8i43dgR8x/nVM=",
      "requires": {
        "@types/cookie": "^0.4.0",
        "@types/cors": "^2.8.8",
        "@types/node": "^14.14.7",
        "accepts": "~1.3.4",
        "base64id": "~2.0.0",
        "debug": "~4.1.0",
        "engine.io": "~4.0.0",
        "socket.io-adapter": "~2.0.3",
        "socket.io-parser": "~4.0.1"
      }
    },
    "socket.io-adapter": {
      "version": "2.0.3",
      "resolved": "http://npm.kaikela.cn/socket.io-adapter/-/socket.io-adapter-2.0.3.tgz",
      "integrity": "sha1-Nyt83npTX8T08NWsf3OVKjBi1Dg="
    },
    "socket.io-parser": {
      "version": "4.0.2",
      "resolved": "http://npm.kaikela.cn/socket.io-parser/-/socket.io-parser-4.0.2.tgz",
      "integrity": "sha1-PQIanIZnG7B558bIBttqHZsbx4A=",
      "requires": {
        "@types/component-emitter": "^1.2.10",
        "component-emitter": "~1.3.0",
        "debug": "~4.1.0"
      }
    },
    "url-search-params-polyfill": {
      "version": "8.1.1",
      "resolved": "http://npm.kaikela.cn/url-search-params-polyfill/-/url-search-params-polyfill-8.1.1.tgz",
      "integrity": "sha1-nmnk26MApxrnrTzq1ix3F/2ZMp8="
    },
    "useragent-util": {
      "version": "1.1.1",
      "resolved": "http://npm.kaikela.cn/useragent-util/-/useragent-util-1.1.1.tgz",
      "integrity": "sha1-rHv5Kgp6yrPAK10F6zWNH4yOwT0=",
      "requires": {
        "@types/node": "^14.14.12",
        "lodash": "^4.17.20"
      }
    },
    "vary": {
      "version": "1.1.2",
      "resolved": "http://npm.kaikela.cn/vary/-/vary-1.1.2.tgz",
      "integrity": "sha1-IpnwLG3tMNSllhsLn3RSShj2NPw="
    },
    "webrtc-adapter": {
      "version": "7.7.1",
      "resolved": "http://npm.kaikela.cn/webrtc-adapter/-/webrtc-adapter-7.7.1.tgz",
      "integrity": "sha1-ssInphRJg7NQV99nvZhKfUv9F/E=",
      "requires": {
        "rtcpeerconnection-shim": "^1.2.15",
        "sdp": "^2.12.0"
      }
    },
    "ws": {
      "version": "7.4.1",
      "resolved": "http://npm.kaikela.cn/ws/-/ws-7.4.1.tgz",
      "integrity": "sha1-ozO+Amlr0OVM6gQ04h3MiprClLs="
    }
  }
}
